
Microsoft Visual Studio Solution File, Format Version 12.00
# Visual Studio Version 17
VisualStudioVersion = 17.13.35913.81 d17.13
MinimumVisualStudioVersion = 10.0.40219.1
Project("{FAE04EC0-301F-11D3-BF4B-00C04F79EFBC}") = "WpfApp2", "WpfApp2\WpfApp2.csproj", "{A59AF118-EF4F-42A2-88F8-24ADC3B33405}"
EndProject
Global
	GlobalSection(SolutionConfigurationPlatforms) = preSolution
		Debug|Any CPU = Debug|Any CPU
		Release|Any CPU = Release|Any CPU
	EndGlobalSection
	GlobalSection(ProjectConfigurationPlatforms) = postSolution
		{A59AF118-EF4F-42A2-88F8-24ADC3B33405}.Debug|Any CPU.ActiveCfg = Debug|Any CPU
		{A59AF118-EF4F-42A2-88F8-24ADC3B33405}.Debug|Any CPU.Build.0 = Debug|Any CPU
		{A59AF118-EF4F-42A2-88F8-24ADC3B33405}.Release|Any CPU.ActiveCfg = Release|Any CPU
		{A59AF118-EF4F-42A2-88F8-24ADC3B33405}.Release|Any CPU.Build.0 = Release|Any CPU
	EndGlobalSection
	GlobalSection(SolutionProperties) = preSolution
		HideSolutionNode = FALSE
	EndGlobalSection
	GlobalSection(ExtensibilityGlobals) = postSolution
		SolutionGuid = {ED1F8DF9-11E4-40A8-BAC7-222FA378148A}
	EndGlobalSection
EndGlobal
