
Microsoft Visual Studio Solution File, Format Version 12.00
# Visual Studio Version 17
VisualStudioVersion = 17.7.34024.191
MinimumVisualStudioVersion = 10.0.40219.1
Project("{FAE04EC0-301F-11D3-BF4B-00C04F79EFBC}") = "Lab1", "Lab1.csproj", "{EDF1177E-FB22-4740-88CE-968B630D3550}"
EndProject
Global
	GlobalSection(SolutionConfigurationPlatforms) = preSolution
		Debug|Any CPU = Debug|Any CPU
		Release|Any CPU = Release|Any CPU
	EndGlobalSection
	GlobalSection(ProjectConfigurationPlatforms) = postSolution
		{EDF1177E-FB22-4740-88CE-968B630D3550}.Debug|Any CPU.ActiveCfg = Debug|Any CPU
		{EDF1177E-FB22-4740-88CE-968B630D3550}.Debug|Any CPU.Build.0 = Debug|Any CPU
		{EDF1177E-FB22-4740-88CE-968B630D3550}.Release|Any CPU.ActiveCfg = Release|Any CPU
		{EDF1177E-FB22-4740-88CE-968B630D3550}.Release|Any CPU.Build.0 = Release|Any CPU
	EndGlobalSection
	GlobalSection(SolutionProperties) = preSolution
		HideSolutionNode = FALSE
	EndGlobalSection
	GlobalSection(ExtensibilityGlobals) = postSolution
		SolutionGuid = {4C5EA129-D4E6-4FCF-A32A-322BD8C35031}
	EndGlobalSection
EndGlobal
