
Microsoft Visual Studio Solution File, Format Version 12.00
# Visual Studio Version 17
VisualStudioVersion = 17.13.35913.81 d17.13
MinimumVisualStudioVersion = 10.0.40219.1
Project("{FAE04EC0-301F-11D3-BF4B-00C04F79EFBC}") = "WindowsFormsApp1", "WindowsFormsApp1\WindowsFormsApp1.csproj", "{9FC6A562-B92D-4925-9D92-CA5A7EBD6708}"
EndProject
Global
	GlobalSection(SolutionConfigurationPlatforms) = preSolution
		Debug|Any CPU = Debug|Any CPU
		Release|Any CPU = Release|Any CPU
	EndGlobalSection
	GlobalSection(ProjectConfigurationPlatforms) = postSolution
		{9FC6A562-B92D-4925-9D92-CA5A7EBD6708}.Debug|Any CPU.ActiveCfg = Debug|Any CPU
		{9FC6A562-B92D-4925-9D92-CA5A7EBD6708}.Debug|Any CPU.Build.0 = Debug|Any CPU
		{9FC6A562-B92D-4925-9D92-CA5A7EBD6708}.Release|Any CPU.ActiveCfg = Release|Any CPU
		{9FC6A562-B92D-4925-9D92-CA5A7EBD6708}.Release|Any CPU.Build.0 = Release|Any CPU
	EndGlobalSection
	GlobalSection(SolutionProperties) = preSolution
		HideSolutionNode = FALSE
	EndGlobalSection
	GlobalSection(ExtensibilityGlobals) = postSolution
		SolutionGuid = {45693E51-731C-4612-A664-672FC94690C1}
	EndGlobalSection
EndGlobal
